
Microsoft Visual Studio Solution File, Format Version 12.00
# Visual Studio Version 16
VisualStudioVersion = 16.0.29102.190
MinimumVisualStudioVersion = 10.0.40219.1
Project("{FAE04EC0-301F-11D3-BF4B-00C04F79EFBC}") = "BetForMe", "BetForMe\BetForMe.csproj", "{08361828-C512-4AFC-85F9-5803527DB21D}"
EndProject
Project("{FAE04EC0-301F-11D3-BF4B-00C04F79EFBC}") = "UnitTestBetForMe", "UnitTestBetForMe\UnitTestBetForMe.csproj", "{5D9E5F4E-8DCC-41AB-B2DD-7553FC40F1B5}"
EndProject
Global
	GlobalSection(SolutionConfigurationPlatforms) = preSolution
		Debug|Any CPU = Debug|Any CPU
		Release|Any CPU = Release|Any CPU
	EndGlobalSection
	GlobalSection(ProjectConfigurationPlatforms) = postSolution
		{08361828-C512-4AFC-85F9-5803527DB21D}.Debug|Any CPU.ActiveCfg = Debug|Any CPU
		{08361828-C512-4AFC-85F9-5803527DB21D}.Debug|Any CPU.Build.0 = Debug|Any CPU
		{08361828-C512-4AFC-85F9-5803527DB21D}.Release|Any CPU.ActiveCfg = Release|Any CPU
		{08361828-C512-4AFC-85F9-5803527DB21D}.Release|Any CPU.Build.0 = Release|Any CPU
		{5D9E5F4E-8DCC-41AB-B2DD-7553FC40F1B5}.Debug|Any CPU.ActiveCfg = Debug|Any CPU
		{5D9E5F4E-8DCC-41AB-B2DD-7553FC40F1B5}.Debug|Any CPU.Build.0 = Debug|Any CPU
		{5D9E5F4E-8DCC-41AB-B2DD-7553FC40F1B5}.Release|Any CPU.ActiveCfg = Release|Any CPU
		{5D9E5F4E-8DCC-41AB-B2DD-7553FC40F1B5}.Release|Any CPU.Build.0 = Release|Any CPU
	EndGlobalSection
	GlobalSection(SolutionProperties) = preSolution
		HideSolutionNode = FALSE
	EndGlobalSection
	GlobalSection(ExtensibilityGlobals) = postSolution
		SolutionGuid = {14AADCE8-150E-45AE-9264-C03E85D24B72}
	EndGlobalSection
EndGlobal
